github.com/BurntSushi/toml v0.3.1 h1:WXkYYl6Yr3qBf1K79EBnL4mak0OimBfB0XUf9Vl28OQ=
github.com/BurntSushi/toml v0.3.1/go.mod h1:xHWCNGjB5oqiDr8zfno3MHue2Ht5sIBksp03qcyfWMU=
github.com/BurntSushi/toml v1.2.1 h1:9F2/+DoOYIOksmaJFPw1tGFy1eDnIJXg+UHjuD8lTak=
github.com/BurntSushi/toml v1.2.1/go.mod h1:CxXYINrC8qIiEnFrOxCa7Jy5BFHlXnUU2pbicEuybxQ=
github.com/VictoriaMetrics/metrics v1.17.2 h1:9zPJ7DPfxdJWshOGLPLpAtPL0ZZ9AeUyQC3fIqG6Lvo=
github.com/VictoriaMetrics/metrics v1.17.2/go.mod h1:Z1tSfPfngDn12bTfZSCqArT3OPY3u88J12hSoOhuiRE=
github.com/VictoriaMetrics/metrics v1.23.1 h1:/j8DzeJBxSpL2qSIdqnRFLvQQhbJyJbbEi22yMm7oL0=
github.com/VictoriaMetrics/metrics v1.23.1/go.mod h1:rAr/llLpEnAdTehiNlUxKgnjcOuROSzpw0GvjpEbvFc=
github.com/jinzhu/configor v1.2.1 h1:OKk9dsR8i6HPOCZR8BcMtcEImAFjIhbJFZNyn5GCZko=
github.com/jinzhu/configor v1.2.1/go.mod h1:nX89/MOmDba7ZX7GCyU/VIaQ2Ar2aizBl2d3JLF/rDc=
github.com/valyala/fastrand v1.0.0 h1:LUKT9aKer2dVQNUi3waewTbKV+7H17kvWFNKs2ObdkI=
github.com/valyala/fastrand v1.0.0/go.mod h1:HWqCzkrkg6QXT8V2EXWvXCoow7vLwOFN002oeRzjapQ=
github.com/valyala/fastrand v1.1.0 h1:f+5HkLW4rsgzdNoleUOB69hyT9IlD2ZQh9GyDMfb5G8=
github.com/valyala/fastrand v1.1.0/go.mod h1:HWqCzkrkg6QXT8V2EXWvXCoow7vLwOFN002oeRzjapQ=
github.com/valyala/histogram v1.1.2 h1:vOk5VrGjMBIoPR5k6wA8vBaC8toeJ8XO0yfRjFEc1h8=
github.com/valyala/histogram v1.1.2/go.mod h1:CZAr6gK9dbD7hYx2s8WSPh0p5x5wETjC+2b3PJVtEdg=
github.com/valyala/histogram v1.2.0 h1:wyYGAZZt3CpwUiIb9AU/Zbllg1llXyrtApRS815OLoQ=
github.com/valyala/histogram v1.2.0/go.mod h1:Hb4kBwb4UxsaNbbbh+RRz8ZR6pdodR57tzWUS3BUzXY=
gopkg.in/check.v1 v0.0.0-20161208181325-20d25e280405 h1:yhCVgyC4o1eVCa2tZl7eS0r+SDo693bJlVdllGtEeKM=
gopkg.in/check.v1 v0.0.0-20161208181325-20d25e280405/go.mod h1:Co6ibVJAznAaIkqp8huTwlJQCZ016jof/cbN4VW5Yz0=
gopkg.in/yaml.v2 v2.2.2 h1:ZCJp+EgiOT7lHqUV2J862kp8Qj64Jo6az82+3Td9dZw=
gopkg.in/yaml.v2 v2.2.2/go.mod h1:hI93XBmqTisBFMUTm0b8Fm+jr3Dg1NNxqwp+5A1VGuI=
gopkg.in/yaml.v2 v2.4.0 h1:D8xgwECY7CYvx+Y2n4sBz93Jn9JRvxdiyyo8CTfuKaY=
gopkg.in/yaml.v2 v2.4.0/go.mod h1:RDklbk79AGWmwhnvt/jBztapEOGDOx6ZbXqjP6csGnQ=
